
Microsoft Visual Studio Solution File, Format Version 12.00
# Visual Studio 15
VisualStudioVersion = 15.0.26124.0
MinimumVisualStudioVersion = 15.0.26124.0
Project("{2150E333-8FDC-42A3-9474-1A3956D46DE8}") = "src", "src", "{C5850757-5670-4900-BD54-19F5EAF6731F}"
EndProject
Project("{2150E333-8FDC-42A3-9474-1A3956D46DE8}") = "Domain", "Domain", "{2C0E31F4-3D6F-4DF5-8849-9D949B59672A}"
EndProject
Project("{FAE04EC0-301F-11D3-BF4B-00C04F79EFBC}") = "Domain", "src\Domain\Domain\Domain.csproj", "{598814CE-0179-466D-B2F4-A72528C66D47}"
EndProject
Project("{2150E333-8FDC-42A3-9474-1A3956D46DE8}") = "Application", "Application", "{ED01A32C-897A-45DA-A058-1AE22CF996B3}"
EndProject
Project("{FAE04EC0-301F-11D3-BF4B-00C04F79EFBC}") = "Application", "src\Application\Application\Application.csproj", "{C77C3A59-EDA7-4399-BE24-2394A3BDF6AA}"
EndProject
Project("{2150E333-8FDC-42A3-9474-1A3956D46DE8}") = "Services", "Services", "{DC550321-7A04-4204-B853-AE20CD659BD7}"
EndProject
Project("{FAE04EC0-301F-11D3-BF4B-00C04F79EFBC}") = "Api", "src\Services\Api\Api.csproj", "{CC4A22BC-F94E-411C-B6F1-69AA6AA1B726}"
EndProject
Global
	GlobalSection(SolutionConfigurationPlatforms) = preSolution
		Debug|Any CPU = Debug|Any CPU
		Debug|x64 = Debug|x64
		Debug|x86 = Debug|x86
		Release|Any CPU = Release|Any CPU
		Release|x64 = Release|x64
		Release|x86 = Release|x86
	EndGlobalSection
	GlobalSection(SolutionProperties) = preSolution
		HideSolutionNode = FALSE
	EndGlobalSection
	GlobalSection(ProjectConfigurationPlatforms) = postSolution
		{598814CE-0179-466D-B2F4-A72528C66D47}.Debug|Any CPU.ActiveCfg = Debug|Any CPU
		{598814CE-0179-466D-B2F4-A72528C66D47}.Debug|Any CPU.Build.0 = Debug|Any CPU
		{598814CE-0179-466D-B2F4-A72528C66D47}.Debug|x64.ActiveCfg = Debug|Any CPU
		{598814CE-0179-466D-B2F4-A72528C66D47}.Debug|x64.Build.0 = Debug|Any CPU
		{598814CE-0179-466D-B2F4-A72528C66D47}.Debug|x86.ActiveCfg = Debug|Any CPU
		{598814CE-0179-466D-B2F4-A72528C66D47}.Debug|x86.Build.0 = Debug|Any CPU
		{598814CE-0179-466D-B2F4-A72528C66D47}.Release|Any CPU.ActiveCfg = Release|Any CPU
		{598814CE-0179-466D-B2F4-A72528C66D47}.Release|Any CPU.Build.0 = Release|Any CPU
		{598814CE-0179-466D-B2F4-A72528C66D47}.Release|x64.ActiveCfg = Release|Any CPU
		{598814CE-0179-466D-B2F4-A72528C66D47}.Release|x64.Build.0 = Release|Any CPU
		{598814CE-0179-466D-B2F4-A72528C66D47}.Release|x86.ActiveCfg = Release|Any CPU
		{598814CE-0179-466D-B2F4-A72528C66D47}.Release|x86.Build.0 = Release|Any CPU
		{C77C3A59-EDA7-4399-BE24-2394A3BDF6AA}.Debug|Any CPU.ActiveCfg = Debug|Any CPU
		{C77C3A59-EDA7-4399-BE24-2394A3BDF6AA}.Debug|Any CPU.Build.0 = Debug|Any CPU
		{C77C3A59-EDA7-4399-BE24-2394A3BDF6AA}.Debug|x64.ActiveCfg = Debug|Any CPU
		{C77C3A59-EDA7-4399-BE24-2394A3BDF6AA}.Debug|x64.Build.0 = Debug|Any CPU
		{C77C3A59-EDA7-4399-BE24-2394A3BDF6AA}.Debug|x86.ActiveCfg = Debug|Any CPU
		{C77C3A59-EDA7-4399-BE24-2394A3BDF6AA}.Debug|x86.Build.0 = Debug|Any CPU
		{C77C3A59-EDA7-4399-BE24-2394A3BDF6AA}.Release|Any CPU.ActiveCfg = Release|Any CPU
		{C77C3A59-EDA7-4399-BE24-2394A3BDF6AA}.Release|Any CPU.Build.0 = Release|Any CPU
		{C77C3A59-EDA7-4399-BE24-2394A3BDF6AA}.Release|x64.ActiveCfg = Release|Any CPU
		{C77C3A59-EDA7-4399-BE24-2394A3BDF6AA}.Release|x64.Build.0 = Release|Any CPU
		{C77C3A59-EDA7-4399-BE24-2394A3BDF6AA}.Release|x86.ActiveCfg = Release|Any CPU
		{C77C3A59-EDA7-4399-BE24-2394A3BDF6AA}.Release|x86.Build.0 = Release|Any CPU
		{CC4A22BC-F94E-411C-B6F1-69AA6AA1B726}.Debug|Any CPU.ActiveCfg = Debug|Any CPU
		{CC4A22BC-F94E-411C-B6F1-69AA6AA1B726}.Debug|Any CPU.Build.0 = Debug|Any CPU
		{CC4A22BC-F94E-411C-B6F1-69AA6AA1B726}.Debug|x64.ActiveCfg = Debug|Any CPU
		{CC4A22BC-F94E-411C-B6F1-69AA6AA1B726}.Debug|x64.Build.0 = Debug|Any CPU
		{CC4A22BC-F94E-411C-B6F1-69AA6AA1B726}.Debug|x86.ActiveCfg = Debug|Any CPU
		{CC4A22BC-F94E-411C-B6F1-69AA6AA1B726}.Debug|x86.Build.0 = Debug|Any CPU
		{CC4A22BC-F94E-411C-B6F1-69AA6AA1B726}.Release|Any CPU.ActiveCfg = Release|Any CPU
		{CC4A22BC-F94E-411C-B6F1-69AA6AA1B726}.Release|Any CPU.Build.0 = Release|Any CPU
		{CC4A22BC-F94E-411C-B6F1-69AA6AA1B726}.Release|x64.ActiveCfg = Release|Any CPU
		{CC4A22BC-F94E-411C-B6F1-69AA6AA1B726}.Release|x64.Build.0 = Release|Any CPU
		{CC4A22BC-F94E-411C-B6F1-69AA6AA1B726}.Release|x86.ActiveCfg = Release|Any CPU
		{CC4A22BC-F94E-411C-B6F1-69AA6AA1B726}.Release|x86.Build.0 = Release|Any CPU
	EndGlobalSection
	GlobalSection(NestedProjects) = preSolution
		{2C0E31F4-3D6F-4DF5-8849-9D949B59672A} = {C5850757-5670-4900-BD54-19F5EAF6731F}
		{598814CE-0179-466D-B2F4-A72528C66D47} = {2C0E31F4-3D6F-4DF5-8849-9D949B59672A}
		{ED01A32C-897A-45DA-A058-1AE22CF996B3} = {C5850757-5670-4900-BD54-19F5EAF6731F}
		{C77C3A59-EDA7-4399-BE24-2394A3BDF6AA} = {ED01A32C-897A-45DA-A058-1AE22CF996B3}
		{DC550321-7A04-4204-B853-AE20CD659BD7} = {C5850757-5670-4900-BD54-19F5EAF6731F}
		{CC4A22BC-F94E-411C-B6F1-69AA6AA1B726} = {DC550321-7A04-4204-B853-AE20CD659BD7}
	EndGlobalSection
EndGlobal
